
Microsoft Visual Studio Solution File, Format Version 12.00
# Visual Studio 15
VisualStudioVersion = 15.0.26730.16
MinimumVisualStudioVersion = 10.0.40219.1
Project("{FAE04EC0-301F-11D3-BF4B-00C04F79EFBC}") = "WebAPILab", "WebAPILab\WebAPILab.csproj", "{33B35988-BE11-425E-B246-10AA2D7282EC}"
EndProject
Global
	GlobalSection(SolutionConfigurationPlatforms) = preSolution
		Debug|Any CPU = Debug|Any CPU
		Release|Any CPU = Release|Any CPU
	EndGlobalSection
	GlobalSection(ProjectConfigurationPlatforms) = postSolution
		{33B35988-BE11-425E-B246-10AA2D7282EC}.Debug|Any CPU.ActiveCfg = Debug|Any CPU
		{33B35988-BE11-425E-B246-10AA2D7282EC}.Debug|Any CPU.Build.0 = Debug|Any CPU
		{33B35988-BE11-425E-B246-10AA2D7282EC}.Release|Any CPU.ActiveCfg = Release|Any CPU
		{33B35988-BE11-425E-B246-10AA2D7282EC}.Release|Any CPU.Build.0 = Release|Any CPU
	EndGlobalSection
	GlobalSection(SolutionProperties) = preSolution
		HideSolutionNode = FALSE
	EndGlobalSection
	GlobalSection(ExtensibilityGlobals) = postSolution
		SolutionGuid = {9813C428-89AC-4B4C-A0D1-A5F27FF0D281}
	EndGlobalSection
EndGlobal
